
Microsoft Visual Studio Solution File, Format Version 12.00
# Visual Studio Version 17
VisualStudioVersion = 17.9.34701.34
MinimumVisualStudioVersion = 10.0.40219.1
Project("{FAE04EC0-301F-11D3-BF4B-00C04F79EFBC}") = "WebTest", "WebTest\WebTest.csproj", "{79498999-B9A8-4448-B6DA-E81113973D38}"
EndProject
Global
	GlobalSection(SolutionConfigurationPlatforms) = preSolution
		Debug|Any CPU = Debug|Any CPU
		Release|Any CPU = Release|Any CPU
	EndGlobalSection
	GlobalSection(ProjectConfigurationPlatforms) = postSolution
		{79498999-B9A8-4448-B6DA-E81113973D38}.Debug|Any CPU.ActiveCfg = Debug|Any CPU
		{79498999-B9A8-4448-B6DA-E81113973D38}.Debug|Any CPU.Build.0 = Debug|Any CPU
		{79498999-B9A8-4448-B6DA-E81113973D38}.Release|Any CPU.ActiveCfg = Release|Any CPU
		{79498999-B9A8-4448-B6DA-E81113973D38}.Release|Any CPU.Build.0 = Release|Any CPU
	EndGlobalSection
	GlobalSection(SolutionProperties) = preSolution
		HideSolutionNode = FALSE
	EndGlobalSection
	GlobalSection(ExtensibilityGlobals) = postSolution
		SolutionGuid = {96536F61-CCA8-4F64-8D14-7405B58BD7E8}
	EndGlobalSection
EndGlobal
